
Microsoft Visual Studio Solution File, Format Version 12.00
# Visual Studio 2012
Project("{FAE04EC0-301F-11D3-BF4B-00C04F79EFBC}") = "Encryption", "Encryption\Encryption.csproj", "{D1867D29-325F-4A4B-AB60-A6505FCEC161}"
EndProject
Global
	GlobalSection(SolutionConfigurationPlatforms) = preSolution
		Debug|Any CPU = Debug|Any CPU
		Release|Any CPU = Release|Any CPU
	EndGlobalSection
	GlobalSection(ProjectConfigurationPlatforms) = postSolution
		{D1867D29-325F-4A4B-AB60-A6505FCEC161}.Debug|Any CPU.ActiveCfg = Debug|Any CPU
		{D1867D29-325F-4A4B-AB60-A6505FCEC161}.Debug|Any CPU.Build.0 = Debug|Any CPU
		{D1867D29-325F-4A4B-AB60-A6505FCEC161}.Release|Any CPU.ActiveCfg = Release|Any CPU
		{D1867D29-325F-4A4B-AB60-A6505FCEC161}.Release|Any CPU.Build.0 = Release|Any CPU
	EndGlobalSection
	GlobalSection(SolutionProperties) = preSolution
		HideSolutionNode = FALSE
	EndGlobalSection
EndGlobal
