
Microsoft Visual Studio Solution File, Format Version 12.00
# Visual Studio Version 16
VisualStudioVersion = 16.0.29230.47
MinimumVisualStudioVersion = 10.0.40219.1
Project("{FAE04EC0-301F-11D3-BF4B-00C04F79EFBC}") = "SimpleEncrDemo", "SimpleEncrDemo\SimpleEncrDemo.csproj", "{29B7DB0F-3D46-4BD4-9E12-147AE7C77F50}"
EndProject
Global
	GlobalSection(SolutionConfigurationPlatforms) = preSolution
		Debug|Any CPU = Debug|Any CPU
		Release|Any CPU = Release|Any CPU
	EndGlobalSection
	GlobalSection(ProjectConfigurationPlatforms) = postSolution
		{29B7DB0F-3D46-4BD4-9E12-147AE7C77F50}.Debug|Any CPU.ActiveCfg = Debug|Any CPU
		{29B7DB0F-3D46-4BD4-9E12-147AE7C77F50}.Debug|Any CPU.Build.0 = Debug|Any CPU
		{29B7DB0F-3D46-4BD4-9E12-147AE7C77F50}.Release|Any CPU.ActiveCfg = Release|Any CPU
		{29B7DB0F-3D46-4BD4-9E12-147AE7C77F50}.Release|Any CPU.Build.0 = Release|Any CPU
	EndGlobalSection
	GlobalSection(SolutionProperties) = preSolution
		HideSolutionNode = FALSE
	EndGlobalSection
	GlobalSection(ExtensibilityGlobals) = postSolution
		SolutionGuid = {F8659C09-AE2F-4806-B893-19B7F811123A}
	EndGlobalSection
EndGlobal
